
Microsoft Visual Studio Solution File, Format Version 12.00
# Visual Studio Version 16
VisualStudioVersion = 16.0.30011.22
MinimumVisualStudioVersion = 10.0.40219.1
Project("{FAE04EC0-301F-11D3-BF4B-00C04F79EFBC}") = "Workaround", "Workaround\Workaround.csproj", "{F19484B9-1CE0-43B9-8B2B-38C7E89E63A4}"
EndProject
Project("{FAE04EC0-301F-11D3-BF4B-00C04F79EFBC}") = "Entities", "Entities\Entities.csproj", "{7CB753A1-2067-4A67-B29E-3A17891D42E7}"
EndProject
Project("{FAE04EC0-301F-11D3-BF4B-00C04F79EFBC}") = "Business", "Bussiness\Business.csproj", "{1869B86B-1309-4759-A22B-D69FF047F966}"
EndProject
Global
	GlobalSection(SolutionConfigurationPlatforms) = preSolution
		Debug|Any CPU = Debug|Any CPU
		Release|Any CPU = Release|Any CPU
	EndGlobalSection
	GlobalSection(ProjectConfigurationPlatforms) = postSolution
		{F19484B9-1CE0-43B9-8B2B-38C7E89E63A4}.Debug|Any CPU.ActiveCfg = Debug|Any CPU
		{F19484B9-1CE0-43B9-8B2B-38C7E89E63A4}.Debug|Any CPU.Build.0 = Debug|Any CPU
		{F19484B9-1CE0-43B9-8B2B-38C7E89E63A4}.Release|Any CPU.ActiveCfg = Release|Any CPU
		{F19484B9-1CE0-43B9-8B2B-38C7E89E63A4}.Release|Any CPU.Build.0 = Release|Any CPU
		{7CB753A1-2067-4A67-B29E-3A17891D42E7}.Debug|Any CPU.ActiveCfg = Debug|Any CPU
		{7CB753A1-2067-4A67-B29E-3A17891D42E7}.Debug|Any CPU.Build.0 = Debug|Any CPU
		{7CB753A1-2067-4A67-B29E-3A17891D42E7}.Release|Any CPU.ActiveCfg = Release|Any CPU
		{7CB753A1-2067-4A67-B29E-3A17891D42E7}.Release|Any CPU.Build.0 = Release|Any CPU
		{1869B86B-1309-4759-A22B-D69FF047F966}.Debug|Any CPU.ActiveCfg = Debug|Any CPU
		{1869B86B-1309-4759-A22B-D69FF047F966}.Debug|Any CPU.Build.0 = Debug|Any CPU
		{1869B86B-1309-4759-A22B-D69FF047F966}.Release|Any CPU.ActiveCfg = Release|Any CPU
		{1869B86B-1309-4759-A22B-D69FF047F966}.Release|Any CPU.Build.0 = Release|Any CPU
	EndGlobalSection
	GlobalSection(SolutionProperties) = preSolution
		HideSolutionNode = FALSE
	EndGlobalSection
	GlobalSection(ExtensibilityGlobals) = postSolution
		SolutionGuid = {3C19DC1C-A981-47EA-853E-E5B921C336AD}
	EndGlobalSection
EndGlobal
